
Microsoft Visual Studio Solution File, Format Version 12.00
# Visual Studio Version 17
VisualStudioVersion = 17.8.34330.188
MinimumVisualStudioVersion = 10.0.40219.1
Project("{FAE04EC0-301F-11D3-BF4B-00C04F79EFBC}") = "WebApi", "WebApi\WebApi.csproj", "{658309FD-3BCB-40FA-A79E-B427E0D939D5}"
EndProject
Project("{FAE04EC0-301F-11D3-BF4B-00C04F79EFBC}") = "Infrastructure", "Infrastructure\Infrastructure.csproj", "{08B4E1AA-8FF0-4FB5-878B-F049689AE38E}"
EndProject
Global
	GlobalSection(SolutionConfigurationPlatforms) = preSolution
		Debug|Any CPU = Debug|Any CPU
		Release|Any CPU = Release|Any CPU
	EndGlobalSection
	GlobalSection(ProjectConfigurationPlatforms) = postSolution
		{658309FD-3BCB-40FA-A79E-B427E0D939D5}.Debug|Any CPU.ActiveCfg = Debug|Any CPU
		{658309FD-3BCB-40FA-A79E-B427E0D939D5}.Debug|Any CPU.Build.0 = Debug|Any CPU
		{658309FD-3BCB-40FA-A79E-B427E0D939D5}.Release|Any CPU.ActiveCfg = Release|Any CPU
		{658309FD-3BCB-40FA-A79E-B427E0D939D5}.Release|Any CPU.Build.0 = Release|Any CPU
		{08B4E1AA-8FF0-4FB5-878B-F049689AE38E}.Debug|Any CPU.ActiveCfg = Debug|Any CPU
		{08B4E1AA-8FF0-4FB5-878B-F049689AE38E}.Debug|Any CPU.Build.0 = Debug|Any CPU
		{08B4E1AA-8FF0-4FB5-878B-F049689AE38E}.Release|Any CPU.ActiveCfg = Release|Any CPU
		{08B4E1AA-8FF0-4FB5-878B-F049689AE38E}.Release|Any CPU.Build.0 = Release|Any CPU
	EndGlobalSection
	GlobalSection(SolutionProperties) = preSolution
		HideSolutionNode = FALSE
	EndGlobalSection
	GlobalSection(ExtensibilityGlobals) = postSolution
		SolutionGuid = {11A5E110-7BA9-4E82-AC60-6A015581B8E7}
	EndGlobalSection
EndGlobal
